
Microsoft Visual Studio Solution File, Format Version 12.00
# Visual Studio Version 16
VisualStudioVersion = 16.0.32901.82
MinimumVisualStudioVersion = 10.0.40219.1
Project("{FAE04EC0-301F-11D3-BF4B-00C04F79EFBC}") = "oop7", "oop7\oop7.csproj", "{95C3C9F8-FBB3-4F05-94C0-20F5ADD0AE9D}"
EndProject
Global
	GlobalSection(SolutionConfigurationPlatforms) = preSolution
		Debug|Any CPU = Debug|Any CPU
		Release|Any CPU = Release|Any CPU
	EndGlobalSection
	GlobalSection(ProjectConfigurationPlatforms) = postSolution
		{95C3C9F8-FBB3-4F05-94C0-20F5ADD0AE9D}.Debug|Any CPU.ActiveCfg = Debug|Any CPU
		{95C3C9F8-FBB3-4F05-94C0-20F5ADD0AE9D}.Debug|Any CPU.Build.0 = Debug|Any CPU
		{95C3C9F8-FBB3-4F05-94C0-20F5ADD0AE9D}.Release|Any CPU.ActiveCfg = Release|Any CPU
		{95C3C9F8-FBB3-4F05-94C0-20F5ADD0AE9D}.Release|Any CPU.Build.0 = Release|Any CPU
	EndGlobalSection
	GlobalSection(SolutionProperties) = preSolution
		HideSolutionNode = FALSE
	EndGlobalSection
	GlobalSection(ExtensibilityGlobals) = postSolution
		SolutionGuid = {2F4DA256-B44E-4585-B3BE-A5D72F7A298C}
	EndGlobalSection
EndGlobal
